
Microsoft Visual Studio Solution File, Format Version 12.00
# Visual Studio 15
VisualStudioVersion = 15.0.28307.168
MinimumVisualStudioVersion = 10.0.40219.1
Project("{FAE04EC0-301F-11D3-BF4B-00C04F79EFBC}") = "ConsoleApp3", "ConsoleApp3\ConsoleApp3.csproj", "{CD55FB30-3A64-4F49-AA5F-43B7E9A6ECFD}"
EndProject
Global
	GlobalSection(SolutionConfigurationPlatforms) = preSolution
		Debug|Any CPU = Debug|Any CPU
		Release|Any CPU = Release|Any CPU
	EndGlobalSection
	GlobalSection(ProjectConfigurationPlatforms) = postSolution
		{CD55FB30-3A64-4F49-AA5F-43B7E9A6ECFD}.Debug|Any CPU.ActiveCfg = Debug|Any CPU
		{CD55FB30-3A64-4F49-AA5F-43B7E9A6ECFD}.Debug|Any CPU.Build.0 = Debug|Any CPU
		{CD55FB30-3A64-4F49-AA5F-43B7E9A6ECFD}.Release|Any CPU.ActiveCfg = Release|Any CPU
		{CD55FB30-3A64-4F49-AA5F-43B7E9A6ECFD}.Release|Any CPU.Build.0 = Release|Any CPU
	EndGlobalSection
	GlobalSection(SolutionProperties) = preSolution
		HideSolutionNode = FALSE
	EndGlobalSection
	GlobalSection(ExtensibilityGlobals) = postSolution
		SolutionGuid = {D3FFE070-708E-4C7A-9E79-177B6A5A8565}
	EndGlobalSection
EndGlobal
