
Microsoft Visual Studio Solution File, Format Version 12.00
# Visual Studio 15
VisualStudioVersion = 15.0.28307.168
MinimumVisualStudioVersion = 10.0.40219.1
Project("{FAE04EC0-301F-11D3-BF4B-00C04F79EFBC}") = "TcpServer2_EchoServer", "TcpServer2_EchoServer\TcpServer2_EchoServer.csproj", "{52998FDB-E081-4E05-B480-CAB2275FFACE}"
EndProject
Global
	GlobalSection(SolutionConfigurationPlatforms) = preSolution
		Debug|Any CPU = Debug|Any CPU
		Release|Any CPU = Release|Any CPU
	EndGlobalSection
	GlobalSection(ProjectConfigurationPlatforms) = postSolution
		{52998FDB-E081-4E05-B480-CAB2275FFACE}.Debug|Any CPU.ActiveCfg = Debug|Any CPU
		{52998FDB-E081-4E05-B480-CAB2275FFACE}.Debug|Any CPU.Build.0 = Debug|Any CPU
		{52998FDB-E081-4E05-B480-CAB2275FFACE}.Release|Any CPU.ActiveCfg = Release|Any CPU
		{52998FDB-E081-4E05-B480-CAB2275FFACE}.Release|Any CPU.Build.0 = Release|Any CPU
	EndGlobalSection
	GlobalSection(SolutionProperties) = preSolution
		HideSolutionNode = FALSE
	EndGlobalSection
	GlobalSection(ExtensibilityGlobals) = postSolution
		SolutionGuid = {83F8CFB9-2BD1-4696-9FB7-7DA202EC562B}
	EndGlobalSection
EndGlobal
