
Microsoft Visual Studio Solution File, Format Version 12.00
# Visual Studio 15
VisualStudioVersion = 15.0.28307.168
MinimumVisualStudioVersion = 10.0.40219.1
Project("{FAE04EC0-301F-11D3-BF4B-00C04F79EFBC}") = "TcpServer", "TcpServer\TcpServer.csproj", "{20EBCD20-ABD4-442E-BB02-B21AA21C17F9}"
EndProject
Global
	GlobalSection(SolutionConfigurationPlatforms) = preSolution
		Debug|Any CPU = Debug|Any CPU
		Release|Any CPU = Release|Any CPU
	EndGlobalSection
	GlobalSection(ProjectConfigurationPlatforms) = postSolution
		{20EBCD20-ABD4-442E-BB02-B21AA21C17F9}.Debug|Any CPU.ActiveCfg = Debug|Any CPU
		{20EBCD20-ABD4-442E-BB02-B21AA21C17F9}.Debug|Any CPU.Build.0 = Debug|Any CPU
		{20EBCD20-ABD4-442E-BB02-B21AA21C17F9}.Release|Any CPU.ActiveCfg = Release|Any CPU
		{20EBCD20-ABD4-442E-BB02-B21AA21C17F9}.Release|Any CPU.Build.0 = Release|Any CPU
	EndGlobalSection
	GlobalSection(SolutionProperties) = preSolution
		HideSolutionNode = FALSE
	EndGlobalSection
	GlobalSection(ExtensibilityGlobals) = postSolution
		SolutionGuid = {D52B572D-7A3E-42AA-BEBE-777DB0BE8794}
	EndGlobalSection
EndGlobal
