
Microsoft Visual Studio Solution File, Format Version 12.00
# Visual Studio 15
VisualStudioVersion = 15.0.28307.168
MinimumVisualStudioVersion = 10.0.40219.1
Project("{FAE04EC0-301F-11D3-BF4B-00C04F79EFBC}") = "ConsoleApp5", "ConsoleApp5\ConsoleApp5.csproj", "{90274160-6D2A-49A3-AD8E-50BC25D06404}"
EndProject
Global
	GlobalSection(SolutionConfigurationPlatforms) = preSolution
		Debug|Any CPU = Debug|Any CPU
		Release|Any CPU = Release|Any CPU
	EndGlobalSection
	GlobalSection(ProjectConfigurationPlatforms) = postSolution
		{90274160-6D2A-49A3-AD8E-50BC25D06404}.Debug|Any CPU.ActiveCfg = Debug|Any CPU
		{90274160-6D2A-49A3-AD8E-50BC25D06404}.Debug|Any CPU.Build.0 = Debug|Any CPU
		{90274160-6D2A-49A3-AD8E-50BC25D06404}.Release|Any CPU.ActiveCfg = Release|Any CPU
		{90274160-6D2A-49A3-AD8E-50BC25D06404}.Release|Any CPU.Build.0 = Release|Any CPU
	EndGlobalSection
	GlobalSection(SolutionProperties) = preSolution
		HideSolutionNode = FALSE
	EndGlobalSection
	GlobalSection(ExtensibilityGlobals) = postSolution
		SolutionGuid = {1D24B626-8615-4731-AE1C-FCE4EA739CBF}
	EndGlobalSection
EndGlobal
